
Microsoft Visual Studio Solution File, Format Version 12.00
# Visual Studio Version 16
VisualStudioVersion = 16.0.30517.126
MinimumVisualStudioVersion = 10.0.40219.1
Project("{9A19103F-16F7-4668-BE54-9A1E7A4F7556}") = "NoSQLBenchmarker", "Testing\NoSQLBenchmarker.csproj", "{095D9653-EA76-4B89-BBA4-C9524A94AC4B}"
EndProject
Project("{FAE04EC0-301F-11D3-BF4B-00C04F79EFBC}") = "NoSQLBenchmarker.UnitTest", "NoSQLBench.UnitTest\NoSQLBenchmarker.UnitTest.csproj", "{3A253C05-2BC1-4864-B7DB-E8C717F8C3E5}"
EndProject
Global
	GlobalSection(SolutionConfigurationPlatforms) = preSolution
		Debug|Any CPU = Debug|Any CPU
		Release|Any CPU = Release|Any CPU
	EndGlobalSection
	GlobalSection(ProjectConfigurationPlatforms) = postSolution
		{095D9653-EA76-4B89-BBA4-C9524A94AC4B}.Debug|Any CPU.ActiveCfg = Debug|Any CPU
		{095D9653-EA76-4B89-BBA4-C9524A94AC4B}.Debug|Any CPU.Build.0 = Debug|Any CPU
		{095D9653-EA76-4B89-BBA4-C9524A94AC4B}.Release|Any CPU.ActiveCfg = Release|Any CPU
		{095D9653-EA76-4B89-BBA4-C9524A94AC4B}.Release|Any CPU.Build.0 = Release|Any CPU
		{3A253C05-2BC1-4864-B7DB-E8C717F8C3E5}.Debug|Any CPU.ActiveCfg = Debug|Any CPU
		{3A253C05-2BC1-4864-B7DB-E8C717F8C3E5}.Debug|Any CPU.Build.0 = Debug|Any CPU
		{3A253C05-2BC1-4864-B7DB-E8C717F8C3E5}.Release|Any CPU.ActiveCfg = Release|Any CPU
		{3A253C05-2BC1-4864-B7DB-E8C717F8C3E5}.Release|Any CPU.Build.0 = Release|Any CPU
	EndGlobalSection
	GlobalSection(SolutionProperties) = preSolution
		HideSolutionNode = FALSE
	EndGlobalSection
	GlobalSection(ExtensibilityGlobals) = postSolution
		SolutionGuid = {43C34017-E237-4558-8F49-36796C884E9B}
	EndGlobalSection
EndGlobal
